// !$*UTF8*$!
{
	archiveVersion = 1;
	classes = {
	};
	objectVersion = 46;
	objects = {

/* Begin PBXBuildFile section */
		E928C01A1A19E61F00F320AE /* main.cpp in Sources */ = {isa = PBXBuildFile; fileRef = E928C0191A19E61F00F320AE /* main.cpp */; };
		E928C0281A19EC8100F320AE /* insertion_sort.cpp in Sources */ = {isa = PBXBuildFile; fileRef = E928C0261A19EC8100F320AE /* insertion_sort.cpp */; };
		E928C02B1A19EE9900F320AE /* counting_sort.cpp in Sources */ = {isa = PBXBuildFile; fileRef = E928C0291A19EE9900F320AE /* counting_sort.cpp */; };
		E928C02E1A1A13B800F320AE /* merge_sort.cpp in Sources */ = {isa = PBXBuildFile; fileRef = E928C02C1A1A13B800F320AE /* merge_sort.cpp */; };
		E943658A1A286AFC006559F4 /* sort.cpp in Sources */ = {isa = PBXBuildFile; fileRef = E94365881A286AFC006559F4 /* sort.cpp */; };
		E943658D1A286B72006559F4 /* q_sort.cpp in Sources */ = {isa = PBXBuildFile; fileRef = E943658B1A286B72006559F4 /* q_sort.cpp */; };
		E94365901A286CE6006559F4 /* shell_sort.cpp in Sources */ = {isa = PBXBuildFile; fileRef = E943658E1A286CE6006559F4 /* shell_sort.cpp */; };
		E94365931A28729E006559F4 /* heap_sort.cpp in Sources */ = {isa = PBXBuildFile; fileRef = E94365911A28729E006559F4 /* heap_sort.cpp */; };
		E94365961A290109006559F4 /* test_sort_time.cpp in Sources */ = {isa = PBXBuildFile; fileRef = E94365941A290109006559F4 /* test_sort_time.cpp */; };
		E9E2AC811A27755D008C38D9 /* bubble.cpp in Sources */ = {isa = PBXBuildFile; fileRef = E9E2AC7F1A27755D008C38D9 /* bubble.cpp */; };
/* End PBXBuildFile section */

/* Begin PBXCopyFilesBuildPhase section */
		E928C0141A19E61F00F320AE /* CopyFiles */ = {
			isa = PBXCopyFilesBuildPhase;
			buildActionMask = 2147483647;
			dstPath = /usr/share/man/man1/;
			dstSubfolderSpec = 0;
			files = (
			);
			runOnlyForDeploymentPostprocessing = 1;
		};
/* End PBXCopyFilesBuildPhase section */

/* Begin PBXFileReference section */
		E928C0161A19E61F00F320AE /* sortings_pain */ = {isa = PBXFileReference; explicitFileType = "compiled.mach-o.executable"; includeInIndex = 0; path = sortings_pain; sourceTree = BUILT_PRODUCTS_DIR; };
		E928C0191A19E61F00F320AE /* main.cpp */ = {isa = PBXFileReference; lastKnownFileType = sourcecode.cpp.cpp; path = main.cpp; sourceTree = "<group>"; };
		E928C0261A19EC8100F320AE /* insertion_sort.cpp */ = {isa = PBXFileReference; fileEncoding = 4; lastKnownFileType = sourcecode.cpp.cpp; path = insertion_sort.cpp; sourceTree = "<group>"; };
		E928C0271A19EC8100F320AE /* insertion_sort.h */ = {isa = PBXFileReference; fileEncoding = 4; lastKnownFileType = sourcecode.c.h; path = insertion_sort.h; sourceTree = "<group>"; };
		E928C0291A19EE9900F320AE /* counting_sort.cpp */ = {isa = PBXFileReference; fileEncoding = 4; lastKnownFileType = sourcecode.cpp.cpp; path = counting_sort.cpp; sourceTree = "<group>"; };
		E928C02A1A19EE9900F320AE /* counting_sort.h */ = {isa = PBXFileReference; fileEncoding = 4; lastKnownFileType = sourcecode.c.h; path = counting_sort.h; sourceTree = "<group>"; };
		E928C02C1A1A13B800F320AE /* merge_sort.cpp */ = {isa = PBXFileReference; fileEncoding = 4; lastKnownFileType = sourcecode.cpp.cpp; path = merge_sort.cpp; sourceTree = "<group>"; };
		E928C02D1A1A13B800F320AE /* merge_sort.h */ = {isa = PBXFileReference; fileEncoding = 4; lastKnownFileType = sourcecode.c.h; path = merge_sort.h; sourceTree = "<group>"; };
		E94365881A286AFC006559F4 /* sort.cpp */ = {isa = PBXFileReference; fileEncoding = 4; lastKnownFileType = sourcecode.cpp.cpp; path = sort.cpp; sourceTree = "<group>"; };
		E94365891A286AFC006559F4 /* sort.h */ = {isa = PBXFileReference; fileEncoding = 4; lastKnownFileType = sourcecode.c.h; path = sort.h; sourceTree = "<group>"; };
		E943658B1A286B72006559F4 /* q_sort.cpp */ = {isa = PBXFileReference; fileEncoding = 4; lastKnownFileType = sourcecode.cpp.cpp; path = q_sort.cpp; sourceTree = "<group>"; };
		E943658C1A286B72006559F4 /* q_sort.h */ = {isa = PBXFileReference; fileEncoding = 4; lastKnownFileType = sourcecode.c.h; path = q_sort.h; sourceTree = "<group>"; };
		E943658E1A286CE6006559F4 /* shell_sort.cpp */ = {isa = PBXFileReference; fileEncoding = 4; lastKnownFileType = sourcecode.cpp.cpp; path = shell_sort.cpp; sourceTree = "<group>"; };
		E943658F1A286CE6006559F4 /* shell_sort.h */ = {isa = PBXFileReference; fileEncoding = 4; lastKnownFileType = sourcecode.c.h; path = shell_sort.h; sourceTree = "<group>"; };
		E94365911A28729E006559F4 /* heap_sort.cpp */ = {isa = PBXFileReference; fileEncoding = 4; lastKnownFileType = sourcecode.cpp.cpp; path = heap_sort.cpp; sourceTree = "<group>"; };
		E94365921A28729E006559F4 /* heap_sort.h */ = {isa = PBXFileReference; fileEncoding = 4; lastKnownFileType = sourcecode.c.h; path = heap_sort.h; sourceTree = "<group>"; };
		E94365941A290109006559F4 /* test_sort_time.cpp */ = {isa = PBXFileReference; fileEncoding = 4; lastKnownFileType = sourcecode.cpp.cpp; path = test_sort_time.cpp; sourceTree = "<group>"; };
		E94365951A290109006559F4 /* test_sort_time.h */ = {isa = PBXFileReference; fileEncoding = 4; lastKnownFileType = sourcecode.c.h; path = test_sort_time.h; sourceTree = "<group>"; };
		E9E2AC7F1A27755D008C38D9 /* bubble.cpp */ = {isa = PBXFileReference; fileEncoding = 4; lastKnownFileType = sourcecode.cpp.cpp; path = bubble.cpp; sourceTree = "<group>"; };
		E9E2AC801A27755D008C38D9 /* bubble.h */ = {isa = PBXFileReference; fileEncoding = 4; lastKnownFileType = sourcecode.c.h; path = bubble.h; sourceTree = "<group>"; };
/* End PBXFileReference section */

/* Begin PBXFrameworksBuildPhase section */
		E928C0131A19E61F00F320AE /* Frameworks */ = {
			isa = PBXFrameworksBuildPhase;
			buildActionMask = 2147483647;
			files = (
			);
			runOnlyForDeploymentPostprocessing = 0;
		};
/* End PBXFrameworksBuildPhase section */

/* Begin PBXGroup section */
		E928C00D1A19E61F00F320AE = {
			isa = PBXGroup;
			children = (
				E928C0181A19E61F00F320AE /* sortings_pain */,
				E928C0171A19E61F00F320AE /* Products */,
			);
			sourceTree = "<group>";
		};
		E928C0171A19E61F00F320AE /* Products */ = {
			isa = PBXGroup;
			children = (
				E928C0161A19E61F00F320AE /* sortings_pain */,
			);
			name = Products;
			sourceTree = "<group>";
		};
		E928C0181A19E61F00F320AE /* sortings_pain */ = {
			isa = PBXGroup;
			children = (
				E928C0191A19E61F00F320AE /* main.cpp */,
				E94365881A286AFC006559F4 /* sort.cpp */,
				E94365891A286AFC006559F4 /* sort.h */,
				E94365941A290109006559F4 /* test_sort_time.cpp */,
				E94365951A290109006559F4 /* test_sort_time.h */,
				E928C02F1A1A391000F320AE /* sorting_methods */,
			);
			path = sortings_pain;
			sourceTree = "<group>";
		};
		E928C02F1A1A391000F320AE /* sorting_methods */ = {
			isa = PBXGroup;
			children = (
				E928C0261A19EC8100F320AE /* insertion_sort.cpp */,
				E928C0271A19EC8100F320AE /* insertion_sort.h */,
				E928C0291A19EE9900F320AE /* counting_sort.cpp */,
				E928C02A1A19EE9900F320AE /* counting_sort.h */,
				E928C02C1A1A13B800F320AE /* merge_sort.cpp */,
				E928C02D1A1A13B800F320AE /* merge_sort.h */,
				E9E2AC7F1A27755D008C38D9 /* bubble.cpp */,
				E9E2AC801A27755D008C38D9 /* bubble.h */,
				E943658B1A286B72006559F4 /* q_sort.cpp */,
				E943658C1A286B72006559F4 /* q_sort.h */,
				E943658E1A286CE6006559F4 /* shell_sort.cpp */,
				E943658F1A286CE6006559F4 /* shell_sort.h */,
				E94365911A28729E006559F4 /* heap_sort.cpp */,
				E94365921A28729E006559F4 /* heap_sort.h */,
			);
			name = sorting_methods;
			sourceTree = "<group>";
		};
/* End PBXGroup section */

/* Begin PBXNativeTarget section */
		E928C0151A19E61F00F320AE /* sortings_pain */ = {
			isa = PBXNativeTarget;
			buildConfigurationList = E928C01D1A19E61F00F320AE /* Build configuration list for PBXNativeTarget "sortings_pain" */;
			buildPhases = (
				E928C0121A19E61F00F320AE /* Sources */,
				E928C0131A19E61F00F320AE /* Frameworks */,
				E928C0141A19E61F00F320AE /* CopyFiles */,
			);
			buildRules = (
			);
			dependencies = (
			);
			name = sortings_pain;
			productName = sortings_pain;
			productReference = E928C0161A19E61F00F320AE /* sortings_pain */;
			productType = "com.apple.product-type.tool";
		};
/* End PBXNativeTarget section */

/* Begin PBXProject section */
		E928C00E1A19E61F00F320AE /* Project object */ = {
			isa = PBXProject;
			attributes = {
				LastUpgradeCheck = 0610;
				ORGANIZATIONNAME = "Dan Shevlyuk";
				TargetAttributes = {
					E928C0151A19E61F00F320AE = {
						CreatedOnToolsVersion = 6.1;
					};
				};
			};
			buildConfigurationList = E928C0111A19E61F00F320AE /* Build configuration list for PBXProject "sortings_pain" */;
			compatibilityVersion = "Xcode 3.2";
			developmentRegion = English;
			hasScannedForEncodings = 0;
			knownRegions = (
				en,
			);
			mainGroup = E928C00D1A19E61F00F320AE;
			productRefGroup = E928C0171A19E61F00F320AE /* Products */;
			projectDirPath = "";
			projectRoot = "";
			targets = (
				E928C0151A19E61F00F320AE /* sortings_pain */,
			);
		};
/* End PBXProject section */

/* Begin PBXSourcesBuildPhase section */
		E928C0121A19E61F00F320AE /* Sources */ = {
			isa = PBXSourcesBuildPhase;
			buildActionMask = 2147483647;
			files = (
				E928C0281A19EC8100F320AE /* insertion_sort.cpp in Sources */,
				E943658A1A286AFC006559F4 /* sort.cpp in Sources */,
				E94365961A290109006559F4 /* test_sort_time.cpp in Sources */,
				E943658D1A286B72006559F4 /* q_sort.cpp in Sources */,
				E94365931A28729E006559F4 /* heap_sort.cpp in Sources */,
				E928C02B1A19EE9900F320AE /* counting_sort.cpp in Sources */,
				E928C02E1A1A13B800F320AE /* merge_sort.cpp in Sources */,
				E928C01A1A19E61F00F320AE /* main.cpp in Sources */,
				E94365901A286CE6006559F4 /* shell_sort.cpp in Sources */,
				E9E2AC811A27755D008C38D9 /* bubble.cpp in Sources */,
			);
			runOnlyForDeploymentPostprocessing = 0;
		};
/* End PBXSourcesBuildPhase section */

/* Begin XCBuildConfiguration section */
		E928C01B1A19E61F00F320AE /* Debug */ = {
			isa = XCBuildConfiguration;
			buildSettings = {
				ALWAYS_SEARCH_USER_PATHS = NO;
				CLANG_CXX_LANGUAGE_STANDARD = "gnu++0x";
				CLANG_CXX_LIBRARY = "libc++";
				CLANG_ENABLE_MODULES = YES;
				CLANG_ENABLE_OBJC_ARC = YES;
				CLANG_WARN_BOOL_CONVERSION = YES;
				CLANG_WARN_CONSTANT_CONVERSION = YES;
				CLANG_WARN_DIRECT_OBJC_ISA_USAGE = YES_ERROR;
				CLANG_WARN_EMPTY_BODY = YES;
				CLANG_WARN_ENUM_CONVERSION = YES;
				CLANG_WARN_INT_CONVERSION = YES;
				CLANG_WARN_OBJC_ROOT_CLASS = YES_ERROR;
				CLANG_WARN_UNREACHABLE_CODE = YES;
				CLANG_WARN__DUPLICATE_METHOD_MATCH = YES;
				COPY_PHASE_STRIP = NO;
				ENABLE_STRICT_OBJC_MSGSEND = YES;
				GCC_C_LANGUAGE_STANDARD = gnu99;
				GCC_DYNAMIC_NO_PIC = NO;
				GCC_OPTIMIZATION_LEVEL = 0;
				GCC_PREPROCESSOR_DEFINITIONS = (
					"DEBUG=1",
					"$(inherited)",
				);
				GCC_SYMBOLS_PRIVATE_EXTERN = NO;
				GCC_WARN_64_TO_32_BIT_CONVERSION = YES;
				GCC_WARN_ABOUT_RETURN_TYPE = YES_ERROR;
				GCC_WARN_UNDECLARED_SELECTOR = YES;
				GCC_WARN_UNINITIALIZED_AUTOS = YES_AGGRESSIVE;
				GCC_WARN_UNUSED_FUNCTION = YES;
				GCC_WARN_UNUSED_VARIABLE = YES;
				MACOSX_DEPLOYMENT_TARGET = 10.10;
				MTL_ENABLE_DEBUG_INFO = YES;
				ONLY_ACTIVE_ARCH = YES;
				SDKROOT = macosx;
			};
			name = Debug;
		};
		E928C01C1A19E61F00F320AE /* Release */ = {
			isa = XCBuildConfiguration;
			buildSettings = {
				ALWAYS_SEARCH_USER_PATHS = NO;
				CLANG_CXX_LANGUAGE_STANDARD = "gnu++0x";
				CLANG_CXX_LIBRARY = "libc++";
				CLANG_ENABLE_MODULES = YES;
				CLANG_ENABLE_OBJC_ARC = YES;
				CLANG_WARN_BOOL_CONVERSION = YES;
				CLANG_WARN_CONSTANT_CONVERSION = YES;
				CLANG_WARN_DIRECT_OBJC_ISA_USAGE = YES_ERROR;
				CLANG_WARN_EMPTY_BODY = YES;
				CLANG_WARN_ENUM_CONVERSION = YES;
				CLANG_WARN_INT_CONVERSION = YES;
				CLANG_WARN_OBJC_ROOT_CLASS = YES_ERROR;
				CLANG_WARN_UNREACHABLE_CODE = YES;
				CLANG_WARN__DUPLICATE_METHOD_MATCH = YES;
				COPY_PHASE_STRIP = YES;
				DEBUG_INFORMATION_FORMAT = "dwarf-with-dsym";
				ENABLE_NS_ASSERTIONS = NO;
				ENABLE_STRICT_OBJC_MSGSEND = YES;
				GCC_C_LANGUAGE_STANDARD = gnu99;
				GCC_WARN_64_TO_32_BIT_CONVERSION = YES;
				GCC_WARN_ABOUT_RETURN_TYPE = YES_ERROR;
				GCC_WARN_UNDECLARED_SELECTOR = YES;
				GCC_WARN_UNINITIALIZED_AUTOS = YES_AGGRESSIVE;
				GCC_WARN_UNUSED_FUNCTION = YES;
				GCC_WARN_UNUSED_VARIABLE = YES;
				MACOSX_DEPLOYMENT_TARGET = 10.10;
				MTL_ENABLE_DEBUG_INFO = NO;
				SDKROOT = macosx;
			};
			name = Release;
		};
		E928C01E1A19E61F00F320AE /* Debug */ = {
			isa = XCBuildConfiguration;
			buildSettings = {
				PRODUCT_NAME = "$(TARGET_NAME)";
			};
			name = Debug;
		};
		E928C01F1A19E61F00F320AE /* Release */ = {
			isa = XCBuildConfiguration;
			buildSettings = {
				PRODUCT_NAME = "$(TARGET_NAME)";
			};
			name = Release;
		};
/* End XCBuildConfiguration section */

/* Begin XCConfigurationList section */
		E928C0111A19E61F00F320AE /* Build configuration list for PBXProject "sortings_pain" */ = {
			isa = XCConfigurationList;
			buildConfigurations = (
				E928C01B1A19E61F00F320AE /* Debug */,
				E928C01C1A19E61F00F320AE /* Release */,
			);
			defaultConfigurationIsVisible = 0;
			defaultConfigurationName = Release;
		};
		E928C01D1A19E61F00F320AE /* Build configuration list for PBXNativeTarget "sortings_pain" */ = {
			isa = XCConfigurationList;
			buildConfigurations = (
				E928C01E1A19E61F00F320AE /* Debug */,
				E928C01F1A19E61F00F320AE /* Release */,
			);
			defaultConfigurationIsVisible = 0;
			defaultConfigurationName = Release;
		};
/* End XCConfigurationList section */
	};
	rootObject = E928C00E1A19E61F00F320AE /* Project object */;
}
